PODS:
  - RxAtomic (4.4.2)
  - RxBlocking (4.4.2):
    - RxAtomic (>= 4.4.2, ~> 4.4)
    - RxSwift (>= 4.4.2, ~> 4.4)
  - RxCocoa (4.4.2):
    - RxSwift (>= 4.4.2, ~> 4.4)
  - RxSwift (4.4.2):
    - RxAtomic (>= 4.4.2, ~> 4.4)
  - RxTest (4.4.2):
    - RxAtomic (>= 4.4.2, ~> 4.4)
    - RxSwift (>= 4.4.2, ~> 4.4)

DEPENDENCIES:
  - RxBlocking (~> 4.4)
  - RxCocoa (~> 4.4)
  - RxSwift (~> 4.4)
  - RxTest (~> 4.4)

SPEC REPOS:
  https://github.com/cocoapods/specs.git:
    - RxAtomic
    - RxBlocking
    - RxCocoa
    - RxSwift
    - RxTest

SPEC CHECKSUMS:
  RxAtomic: d00e97c10db88c6f08540e0bf2752fc5a2404167
  RxBlocking: e96fdda1473d81332a6ed2cface935dc2167a122
  RxCocoa: 477990dc3b4c3ff55fb0ac77e1cc06244e0aaec8
  RxSwift: 74c29b693c8e42b0f64400e8b06564575742d649
  RxTest: 6433d5b6229f5de424fa534bc22b5e6c38b0b671

PODFILE CHECKSUM: d551a75c6efc4ebba9eea4b19eff5d17c8ddb31c

COCOAPODS: 1.6.0
