// !$*UTF8*$!
{
	archiveVersion = 1;
	classes = {
	};
	objectVersion = 48;
	objects = {

/* Begin PBXBuildFile section */
		14008A9E20193EB800F84447 /* CurrencyDataSource.swift in Sources */ = {isa = PBXBuildFile; fileRef = 14008A9D20193EB800F84447 /* CurrencyDataSource.swift */; };
		141895B82023B4BC0029E238 /* CurrencyDataSourceTests.swift in Sources */ = {isa = PBXBuildFile; fileRef = 141895B72023B4BC0029E238 /* CurrencyDataSourceTests.swift */; };
		141895BA2023BBF70029E238 /* CurrencyServiceTests.swift in Sources */ = {isa = PBXBuildFile; fileRef = 141895B92023BBF70029E238 /* CurrencyServiceTests.swift */; };
		141895BC2023C82B0029E238 /* sample.json in Resources */ = {isa = PBXBuildFile; fileRef = 141895BB2023C82B0029E238 /* sample.json */; };
		141895BE2023C8770029E238 /* CurrencyTests.swift in Sources */ = {isa = PBXBuildFile; fileRef = 141895BD2023C8770029E238 /* CurrencyTests.swift */; };
		142350DC2009668500930F1D /* AppDelegate.swift in Sources */ = {isa = PBXBuildFile; fileRef = 142350DB2009668500930F1D /* AppDelegate.swift */; };
		142350DE2009668500930F1D /* CurrencyViewController.swift in Sources */ = {isa = PBXBuildFile; fileRef = 142350DD2009668500930F1D /* CurrencyViewController.swift */; };
		142350E12009668500930F1D /* Main.storyboard in Resources */ = {isa = PBXBuildFile; fileRef = 142350DF2009668500930F1D /* Main.storyboard */; };
		142350E32009668500930F1D /* Assets.xcassets in Resources */ = {isa = PBXBuildFile; fileRef = 142350E22009668500930F1D /* Assets.xcassets */; };
		142350E62009668500930F1D /* LaunchScreen.storyboard in Resources */ = {isa = PBXBuildFile; fileRef = 142350E42009668500930F1D /* LaunchScreen.storyboard */; };
		1456E4B5200A7F2200DCF2AF /* DynamicValue.swift in Sources */ = {isa = PBXBuildFile; fileRef = 1456E4B4200A7F2200DCF2AF /* DynamicValue.swift */; };
		14917E0C200A489A00234393 /* Result.swift in Sources */ = {isa = PBXBuildFile; fileRef = 14917E0B200A489A00234393 /* Result.swift */; };
		14917E0E200A48AB00234393 /* ErrorResult.swift in Sources */ = {isa = PBXBuildFile; fileRef = 14917E0D200A48AB00234393 /* ErrorResult.swift */; };
		14917E11200A491C00234393 /* RequestFactory.swift in Sources */ = {isa = PBXBuildFile; fileRef = 14917E10200A491C00234393 /* RequestFactory.swift */; };
		14917E14200A4ECD00234393 /* Currency.swift in Sources */ = {isa = PBXBuildFile; fileRef = 14917E13200A4ECD00234393 /* Currency.swift */; };
		14917E17200A4F4600234393 /* CurrencyViewModel.swift in Sources */ = {isa = PBXBuildFile; fileRef = 14917E16200A4F4600234393 /* CurrencyViewModel.swift */; };
		14917E19200A508700234393 /* CurrencyCell.swift in Sources */ = {isa = PBXBuildFile; fileRef = 14917E18200A508700234393 /* CurrencyCell.swift */; };
		14917E1B200A523E00234393 /* RequestHandler.swift in Sources */ = {isa = PBXBuildFile; fileRef = 14917E1A200A523E00234393 /* RequestHandler.swift */; };
		14917E1D200A528400234393 /* Converter.swift in Sources */ = {isa = PBXBuildFile; fileRef = 14917E1C200A528400234393 /* Converter.swift */; };
		14917E20200A52DF00234393 /* Reachability.swift in Sources */ = {isa = PBXBuildFile; fileRef = 14917E1F200A52DF00234393 /* Reachability.swift */; };
		14917E23200A530800234393 /* ParserHelper.swift in Sources */ = {isa = PBXBuildFile; fileRef = 14917E22200A530800234393 /* ParserHelper.swift */; };
		14917E25200A537600234393 /* CurrencyService.swift in Sources */ = {isa = PBXBuildFile; fileRef = 14917E24200A537600234393 /* CurrencyService.swift */; };
		14917E27200A53CD00234393 /* RequestService.swift in Sources */ = {isa = PBXBuildFile; fileRef = 14917E26200A53CD00234393 /* RequestService.swift */; };
		D765C6812021B7D80086A6BC /* CurrencyViewModelTests.swift in Sources */ = {isa = PBXBuildFile; fileRef = D765C6802021B7D80086A6BC /* CurrencyViewModelTests.swift */; };
/* End PBXBuildFile section */

/* Begin PBXContainerItemProxy section */
		142350ED2009668500930F1D /* PBXContainerItemProxy */ = {
			isa = PBXContainerItemProxy;
			containerPortal = 142350D02009668500930F1D /* Project object */;
			proxyType = 1;
			remoteGlobalIDString = 142350D72009668500930F1D;
			remoteInfo = TemplateProject;
		};
/* End PBXContainerItemProxy section */

/* Begin PBXFileReference section */
		14008A9D20193EB800F84447 /* CurrencyDataSource.swift */ = {isa = PBXFileReference; lastKnownFileType = sourcecode.swift; path = CurrencyDataSource.swift; sourceTree = "<group>"; };
		141895B72023B4BC0029E238 /* CurrencyDataSourceTests.swift */ = {isa = PBXFileReference; lastKnownFileType = sourcecode.swift; path = CurrencyDataSourceTests.swift; sourceTree = "<group>"; };
		141895B92023BBF70029E238 /* CurrencyServiceTests.swift */ = {isa = PBXFileReference; lastKnownFileType = sourcecode.swift; path = CurrencyServiceTests.swift; sourceTree = "<group>"; };
		141895BB2023C82B0029E238 /* sample.json */ = {isa = PBXFileReference; lastKnownFileType = text.json; path = sample.json; sourceTree = "<group>"; };
		141895BD2023C8770029E238 /* CurrencyTests.swift */ = {isa = PBXFileReference; lastKnownFileType = sourcecode.swift; path = CurrencyTests.swift; sourceTree = "<group>"; };
		142350D82009668500930F1D /* TemplateProject.app */ = {isa = PBXFileReference; explicitFileType = wrapper.application; includeInIndex = 0; path = TemplateProject.app; sourceTree = BUILT_PRODUCTS_DIR; };
		142350DB2009668500930F1D /* AppDelegate.swift */ = {isa = PBXFileReference; lastKnownFileType = sourcecode.swift; path = AppDelegate.swift; sourceTree = "<group>"; };
		142350DD2009668500930F1D /* CurrencyViewController.swift */ = {isa = PBXFileReference; lastKnownFileType = sourcecode.swift; path = CurrencyViewController.swift; sourceTree = "<group>"; };
		142350E02009668500930F1D /* Base */ = {isa = PBXFileReference; lastKnownFileType = file.storyboard; name = Base; path = Base.lproj/Main.storyboard; sourceTree = "<group>"; };
		142350E22009668500930F1D /* Assets.xcassets */ = {isa = PBXFileReference; lastKnownFileType = folder.assetcatalog; path = Assets.xcassets; sourceTree = "<group>"; };
		142350E52009668500930F1D /* Base */ = {isa = PBXFileReference; lastKnownFileType = file.storyboard; name = Base; path = Base.lproj/LaunchScreen.storyboard; sourceTree = "<group>"; };
		142350E72009668500930F1D /* Info.plist */ = {isa = PBXFileReference; lastKnownFileType = text.plist.xml; path = Info.plist; sourceTree = "<group>"; };
		142350EC2009668500930F1D /* TemplateProjectTests.xctest */ = {isa = PBXFileReference; explicitFileType = wrapper.cfbundle; includeInIndex = 0; path = TemplateProjectTests.xctest; sourceTree = BUILT_PRODUCTS_DIR; };
		142350F22009668500930F1D /* Info.plist */ = {isa = PBXFileReference; lastKnownFileType = text.plist.xml; path = Info.plist; sourceTree = "<group>"; };
		1456E4B4200A7F2200DCF2AF /* DynamicValue.swift */ = {isa = PBXFileReference; lastKnownFileType = sourcecode.swift; path = DynamicValue.swift; sourceTree = "<group>"; };
		14917E0B200A489A00234393 /* Result.swift */ = {isa = PBXFileReference; lastKnownFileType = sourcecode.swift; path = Result.swift; sourceTree = "<group>"; };
		14917E0D200A48AB00234393 /* ErrorResult.swift */ = {isa = PBXFileReference; lastKnownFileType = sourcecode.swift; path = ErrorResult.swift; sourceTree = "<group>"; };
		14917E10200A491C00234393 /* RequestFactory.swift */ = {isa = PBXFileReference; lastKnownFileType = sourcecode.swift; path = RequestFactory.swift; sourceTree = "<group>"; };
		14917E13200A4ECD00234393 /* Currency.swift */ = {isa = PBXFileReference; lastKnownFileType = sourcecode.swift; path = Currency.swift; sourceTree = "<group>"; };
		14917E16200A4F4600234393 /* CurrencyViewModel.swift */ = {isa = PBXFileReference; lastKnownFileType = sourcecode.swift; path = CurrencyViewModel.swift; sourceTree = "<group>"; };
		14917E18200A508700234393 /* CurrencyCell.swift */ = {isa = PBXFileReference; lastKnownFileType = sourcecode.swift; path = CurrencyCell.swift; sourceTree = "<group>"; };
		14917E1A200A523E00234393 /* RequestHandler.swift */ = {isa = PBXFileReference; lastKnownFileType = sourcecode.swift; path = RequestHandler.swift; sourceTree = "<group>"; };
		14917E1C200A528400234393 /* Converter.swift */ = {isa = PBXFileReference; lastKnownFileType = sourcecode.swift; path = Converter.swift; sourceTree = "<group>"; };
		14917E1F200A52DF00234393 /* Reachability.swift */ = {isa = PBXFileReference; fileEncoding = 4; lastKnownFileType = sourcecode.swift; path = Reachability.swift; sourceTree = "<group>"; };
		14917E22200A530800234393 /* ParserHelper.swift */ = {isa = PBXFileReference; lastKnownFileType = sourcecode.swift; path = ParserHelper.swift; sourceTree = "<group>"; };
		14917E24200A537600234393 /* CurrencyService.swift */ = {isa = PBXFileReference; lastKnownFileType = sourcecode.swift; path = CurrencyService.swift; sourceTree = "<group>"; };
		14917E26200A53CD00234393 /* RequestService.swift */ = {isa = PBXFileReference; lastKnownFileType = sourcecode.swift; path = RequestService.swift; sourceTree = "<group>"; };
		D765C6802021B7D80086A6BC /* CurrencyViewModelTests.swift */ = {isa = PBXFileReference; lastKnownFileType = sourcecode.swift; path = CurrencyViewModelTests.swift; sourceTree = "<group>"; };
/* End PBXFileReference section */

/* Begin PBXFrameworksBuildPhase section */
		142350D52009668500930F1D /* Frameworks */ = {
			isa = PBXFrameworksBuildPhase;
			buildActionMask = 2147483647;
			files = (
			);
			runOnlyForDeploymentPostprocessing = 0;
		};
		142350E92009668500930F1D /* Frameworks */ = {
			isa = PBXFrameworksBuildPhase;
			buildActionMask = 2147483647;
			files = (
			);
			runOnlyForDeploymentPostprocessing = 0;
		};
/* End PBXFrameworksBuildPhase section */

/* Begin PBXGroup section */
		142350CF2009668500930F1D = {
			isa = PBXGroup;
			children = (
				142350DA2009668500930F1D /* TemplateProject */,
				142350EF2009668500930F1D /* TemplateProjectTests */,
				142350D92009668500930F1D /* Products */,
			);
			sourceTree = "<group>";
		};
		142350D92009668500930F1D /* Products */ = {
			isa = PBXGroup;
			children = (
				142350D82009668500930F1D /* TemplateProject.app */,
				142350EC2009668500930F1D /* TemplateProjectTests.xctest */,
			);
			name = Products;
			sourceTree = "<group>";
		};
		142350DA2009668500930F1D /* TemplateProject */ = {
			isa = PBXGroup;
			children = (
				14917E1E200A52CD00234393 /* Resources */,
				14917E12200A4EC000234393 /* Model */,
				14917E09200A486F00234393 /* Service */,
				142350FC200968A900930F1D /* ViewModel */,
				142350FB2009689B00930F1D /* View */,
				142350DB2009668500930F1D /* AppDelegate.swift */,
				142350DF2009668500930F1D /* Main.storyboard */,
				142350E22009668500930F1D /* Assets.xcassets */,
				142350E42009668500930F1D /* LaunchScreen.storyboard */,
				142350E72009668500930F1D /* Info.plist */,
			);
			path = TemplateProject;
			sourceTree = "<group>";
		};
		142350EF2009668500930F1D /* TemplateProjectTests */ = {
			isa = PBXGroup;
			children = (
				142350F22009668500930F1D /* Info.plist */,
				D765C6802021B7D80086A6BC /* CurrencyViewModelTests.swift */,
				141895B72023B4BC0029E238 /* CurrencyDataSourceTests.swift */,
				141895B92023BBF70029E238 /* CurrencyServiceTests.swift */,
				141895BD2023C8770029E238 /* CurrencyTests.swift */,
				141895BB2023C82B0029E238 /* sample.json */,
			);
			path = TemplateProjectTests;
			sourceTree = "<group>";
		};
		142350FB2009689B00930F1D /* View */ = {
			isa = PBXGroup;
			children = (
				142350DD2009668500930F1D /* CurrencyViewController.swift */,
				14917E18200A508700234393 /* CurrencyCell.swift */,
			);
			path = View;
			sourceTree = "<group>";
		};
		142350FC200968A900930F1D /* ViewModel */ = {
			isa = PBXGroup;
			children = (
				14917E16200A4F4600234393 /* CurrencyViewModel.swift */,
				14008A9D20193EB800F84447 /* CurrencyDataSource.swift */,
			);
			path = ViewModel;
			sourceTree = "<group>";
		};
		14917E09200A486F00234393 /* Service */ = {
			isa = PBXGroup;
			children = (
				14917E21200A52F600234393 /* Parser */,
				14917E0F200A490400234393 /* Network */,
				14917E0A200A488D00234393 /* Result */,
				14917E24200A537600234393 /* CurrencyService.swift */,
			);
			path = Service;
			sourceTree = "<group>";
		};
		14917E0A200A488D00234393 /* Result */ = {
			isa = PBXGroup;
			children = (
				14917E0B200A489A00234393 /* Result.swift */,
				14917E0D200A48AB00234393 /* ErrorResult.swift */,
			);
			path = Result;
			sourceTree = "<group>";
		};
		14917E0F200A490400234393 /* Network */ = {
			isa = PBXGroup;
			children = (
				14917E10200A491C00234393 /* RequestFactory.swift */,
				14917E26200A53CD00234393 /* RequestService.swift */,
				14917E1A200A523E00234393 /* RequestHandler.swift */,
			);
			path = Network;
			sourceTree = "<group>";
		};
		14917E12200A4EC000234393 /* Model */ = {
			isa = PBXGroup;
			children = (
				14917E13200A4ECD00234393 /* Currency.swift */,
				14917E1C200A528400234393 /* Converter.swift */,
				1456E4B4200A7F2200DCF2AF /* DynamicValue.swift */,
			);
			path = Model;
			sourceTree = "<group>";
		};
		14917E1E200A52CD00234393 /* Resources */ = {
			isa = PBXGroup;
			children = (
				14917E1F200A52DF00234393 /* Reachability.swift */,
			);
			path = Resources;
			sourceTree = "<group>";
		};
		14917E21200A52F600234393 /* Parser */ = {
			isa = PBXGroup;
			children = (
				14917E22200A530800234393 /* ParserHelper.swift */,
			);
			path = Parser;
			sourceTree = "<group>";
		};
/* End PBXGroup section */

/* Begin PBXNativeTarget section */
		142350D72009668500930F1D /* TemplateProject */ = {
			isa = PBXNativeTarget;
			buildConfigurationList = 142350F52009668500930F1D /* Build configuration list for PBXNativeTarget "TemplateProject" */;
			buildPhases = (
				142350D42009668500930F1D /* Sources */,
				142350D52009668500930F1D /* Frameworks */,
				142350D62009668500930F1D /* Resources */,
			);
			buildRules = (
			);
			dependencies = (
			);
			name = TemplateProject;
			productName = TemplateProject;
			productReference = 142350D82009668500930F1D /* TemplateProject.app */;
			productType = "com.apple.product-type.application";
		};
		142350EB2009668500930F1D /* TemplateProjectTests */ = {
			isa = PBXNativeTarget;
			buildConfigurationList = 142350F82009668500930F1D /* Build configuration list for PBXNativeTarget "TemplateProjectTests" */;
			buildPhases = (
				142350E82009668500930F1D /* Sources */,
				142350E92009668500930F1D /* Frameworks */,
				142350EA2009668500930F1D /* Resources */,
			);
			buildRules = (
			);
			dependencies = (
				142350EE2009668500930F1D /* PBXTargetDependency */,
			);
			name = TemplateProjectTests;
			productName = TemplateProjectTests;
			productReference = 142350EC2009668500930F1D /* TemplateProjectTests.xctest */;
			productType = "com.apple.product-type.bundle.unit-test";
		};
/* End PBXNativeTarget section */

/* Begin PBXProject section */
		142350D02009668500930F1D /* Project object */ = {
			isa = PBXProject;
			attributes = {
				LastSwiftUpdateCheck = 0920;
				LastUpgradeCheck = 0920;
				ORGANIZATIONNAME = "Benoit PASQUIER";
				TargetAttributes = {
					142350D72009668500930F1D = {
						CreatedOnToolsVersion = 9.2;
						ProvisioningStyle = Automatic;
					};
					142350EB2009668500930F1D = {
						CreatedOnToolsVersion = 9.2;
						ProvisioningStyle = Automatic;
						TestTargetID = 142350D72009668500930F1D;
					};
				};
			};
			buildConfigurationList = 142350D32009668500930F1D /* Build configuration list for PBXProject "TemplateProject" */;
			compatibilityVersion = "Xcode 8.0";
			developmentRegion = en;
			hasScannedForEncodings = 0;
			knownRegions = (
				en,
				Base,
			);
			mainGroup = 142350CF2009668500930F1D;
			productRefGroup = 142350D92009668500930F1D /* Products */;
			projectDirPath = "";
			projectRoot = "";
			targets = (
				142350D72009668500930F1D /* TemplateProject */,
				142350EB2009668500930F1D /* TemplateProjectTests */,
			);
		};
/* End PBXProject section */

/* Begin PBXResourcesBuildPhase section */
		142350D62009668500930F1D /* Resources */ = {
			isa = PBXResourcesBuildPhase;
			buildActionMask = 2147483647;
			files = (
				142350E62009668500930F1D /* LaunchScreen.storyboard in Resources */,
				142350E32009668500930F1D /* Assets.xcassets in Resources */,
				142350E12009668500930F1D /* Main.storyboard in Resources */,
			);
			runOnlyForDeploymentPostprocessing = 0;
		};
		142350EA2009668500930F1D /* Resources */ = {
			isa = PBXResourcesBuildPhase;
			buildActionMask = 2147483647;
			files = (
				141895BC2023C82B0029E238 /* sample.json in Resources */,
			);
			runOnlyForDeploymentPostprocessing = 0;
		};
/* End PBXResourcesBuildPhase section */

/* Begin PBXSourcesBuildPhase section */
		142350D42009668500930F1D /* Sources */ = {
			isa = PBXSourcesBuildPhase;
			buildActionMask = 2147483647;
			files = (
				14917E19200A508700234393 /* CurrencyCell.swift in Sources */,
				14917E14200A4ECD00234393 /* Currency.swift in Sources */,
				14917E23200A530800234393 /* ParserHelper.swift in Sources */,
				14917E25200A537600234393 /* CurrencyService.swift in Sources */,
				14917E0C200A489A00234393 /* Result.swift in Sources */,
				14917E11200A491C00234393 /* RequestFactory.swift in Sources */,
				14917E1D200A528400234393 /* Converter.swift in Sources */,
				1456E4B5200A7F2200DCF2AF /* DynamicValue.swift in Sources */,
				14917E27200A53CD00234393 /* RequestService.swift in Sources */,
				14008A9E20193EB800F84447 /* CurrencyDataSource.swift in Sources */,
				14917E17200A4F4600234393 /* CurrencyViewModel.swift in Sources */,
				14917E1B200A523E00234393 /* RequestHandler.swift in Sources */,
				14917E20200A52DF00234393 /* Reachability.swift in Sources */,
				14917E0E200A48AB00234393 /* ErrorResult.swift in Sources */,
				142350DE2009668500930F1D /* CurrencyViewController.swift in Sources */,
				142350DC2009668500930F1D /* AppDelegate.swift in Sources */,
			);
			runOnlyForDeploymentPostprocessing = 0;
		};
		142350E82009668500930F1D /* Sources */ = {
			isa = PBXSourcesBuildPhase;
			buildActionMask = 2147483647;
			files = (
				141895BE2023C8770029E238 /* CurrencyTests.swift in Sources */,
				D765C6812021B7D80086A6BC /* CurrencyViewModelTests.swift in Sources */,
				141895BA2023BBF70029E238 /* CurrencyServiceTests.swift in Sources */,
				141895B82023B4BC0029E238 /* CurrencyDataSourceTests.swift in Sources */,
			);
			runOnlyForDeploymentPostprocessing = 0;
		};
/* End PBXSourcesBuildPhase section */

/* Begin PBXTargetDependency section */
		142350EE2009668500930F1D /* PBXTargetDependency */ = {
			isa = PBXTargetDependency;
			target = 142350D72009668500930F1D /* TemplateProject */;
			targetProxy = 142350ED2009668500930F1D /* PBXContainerItemProxy */;
		};
/* End PBXTargetDependency section */

/* Begin PBXVariantGroup section */
		142350DF2009668500930F1D /* Main.storyboard */ = {
			isa = PBXVariantGroup;
			children = (
				142350E02009668500930F1D /* Base */,
			);
			name = Main.storyboard;
			sourceTree = "<group>";
		};
		142350E42009668500930F1D /* LaunchScreen.storyboard */ = {
			isa = PBXVariantGroup;
			children = (
				142350E52009668500930F1D /* Base */,
			);
			name = LaunchScreen.storyboard;
			sourceTree = "<group>";
		};
/* End PBXVariantGroup section */

/* Begin XCBuildConfiguration section */
		142350F32009668500930F1D /* Debug */ = {
			isa = XCBuildConfiguration;
			buildSettings = {
				ALWAYS_SEARCH_USER_PATHS = NO;
				CLANG_ANALYZER_NONNULL = YES;
				CLANG_ANALYZER_NUMBER_OBJECT_CONVERSION = YES_AGGRESSIVE;
				CLANG_CXX_LANGUAGE_STANDARD = "gnu++14";
				CLANG_CXX_LIBRARY = "libc++";
				CLANG_ENABLE_MODULES = YES;
				CLANG_ENABLE_OBJC_ARC = YES;
				CLANG_WARN_BLOCK_CAPTURE_AUTORELEASING = YES;
				CLANG_WARN_BOOL_CONVERSION = YES;
				CLANG_WARN_COMMA = YES;
				CLANG_WARN_CONSTANT_CONVERSION = YES;
				CLANG_WARN_DIRECT_OBJC_ISA_USAGE = YES_ERROR;
				CLANG_WARN_DOCUMENTATION_COMMENTS = YES;
				CLANG_WARN_EMPTY_BODY = YES;
				CLANG_WARN_ENUM_CONVERSION = YES;
				CLANG_WARN_INFINITE_RECURSION = YES;
				CLANG_WARN_INT_CONVERSION = YES;
				CLANG_WARN_NON_LITERAL_NULL_CONVERSION = YES;
				CLANG_WARN_OBJC_LITERAL_CONVERSION = YES;
				CLANG_WARN_OBJC_ROOT_CLASS = YES_ERROR;
				CLANG_WARN_RANGE_LOOP_ANALYSIS = YES;
				CLANG_WARN_STRICT_PROTOTYPES = YES;
				CLANG_WARN_SUSPICIOUS_MOVE = YES;
				CLANG_WARN_UNGUARDED_AVAILABILITY = YES_AGGRESSIVE;
				CLANG_WARN_UNREACHABLE_CODE = YES;
				CLANG_WARN__DUPLICATE_METHOD_MATCH = YES;
				CODE_SIGN_IDENTITY = "iPhone Developer";
				COPY_PHASE_STRIP = NO;
				DEBUG_INFORMATION_FORMAT = dwarf;
				ENABLE_STRICT_OBJC_MSGSEND = YES;
				ENABLE_TESTABILITY = YES;
				GCC_C_LANGUAGE_STANDARD = gnu11;
				GCC_DYNAMIC_NO_PIC = NO;
				GCC_NO_COMMON_BLOCKS = YES;
				GCC_OPTIMIZATION_LEVEL = 0;
				GCC_PREPROCESSOR_DEFINITIONS = (
					"DEBUG=1",
					"$(inherited)",
				);
				GCC_WARN_64_TO_32_BIT_CONVERSION = YES;
				GCC_WARN_ABOUT_RETURN_TYPE = YES_ERROR;
				GCC_WARN_UNDECLARED_SELECTOR = YES;
				GCC_WARN_UNINITIALIZED_AUTOS = YES_AGGRESSIVE;
				GCC_WARN_UNUSED_FUNCTION = YES;
				GCC_WARN_UNUSED_VARIABLE = YES;
				IPHONEOS_DEPLOYMENT_TARGET = 11.2;
				MTL_ENABLE_DEBUG_INFO = YES;
				ONLY_ACTIVE_ARCH = YES;
				SDKROOT = iphoneos;
				SWIFT_ACTIVE_COMPILATION_CONDITIONS = DEBUG;
				SWIFT_OPTIMIZATION_LEVEL = "-Onone";
			};
			name = Debug;
		};
		142350F42009668500930F1D /* Release */ = {
			isa = XCBuildConfiguration;
			buildSettings = {
				ALWAYS_SEARCH_USER_PATHS = NO;
				CLANG_ANALYZER_NONNULL = YES;
				CLANG_ANALYZER_NUMBER_OBJECT_CONVERSION = YES_AGGRESSIVE;
				CLANG_CXX_LANGUAGE_STANDARD = "gnu++14";
				CLANG_CXX_LIBRARY = "libc++";
				CLANG_ENABLE_MODULES = YES;
				CLANG_ENABLE_OBJC_ARC = YES;
				CLANG_WARN_BLOCK_CAPTURE_AUTORELEASING = YES;
				CLANG_WARN_BOOL_CONVERSION = YES;
				CLANG_WARN_COMMA = YES;
				CLANG_WARN_CONSTANT_CONVERSION = YES;
				CLANG_WARN_DIRECT_OBJC_ISA_USAGE = YES_ERROR;
				CLANG_WARN_DOCUMENTATION_COMMENTS = YES;
				CLANG_WARN_EMPTY_BODY = YES;
				CLANG_WARN_ENUM_CONVERSION = YES;
				CLANG_WARN_INFINITE_RECURSION = YES;
				CLANG_WARN_INT_CONVERSION = YES;
				CLANG_WARN_NON_LITERAL_NULL_CONVERSION = YES;
				CLANG_WARN_OBJC_LITERAL_CONVERSION = YES;
				CLANG_WARN_OBJC_ROOT_CLASS = YES_ERROR;
				CLANG_WARN_RANGE_LOOP_ANALYSIS = YES;
				CLANG_WARN_STRICT_PROTOTYPES = YES;
				CLANG_WARN_SUSPICIOUS_MOVE = YES;
				CLANG_WARN_UNGUARDED_AVAILABILITY = YES_AGGRESSIVE;
				CLANG_WARN_UNREACHABLE_CODE = YES;
				CLANG_WARN__DUPLICATE_METHOD_MATCH = YES;
				CODE_SIGN_IDENTITY = "iPhone Developer";
				COPY_PHASE_STRIP = NO;
				DEBUG_INFORMATION_FORMAT = "dwarf-with-dsym";
				ENABLE_NS_ASSERTIONS = NO;
				ENABLE_STRICT_OBJC_MSGSEND = YES;
				GCC_C_LANGUAGE_STANDARD = gnu11;
				GCC_NO_COMMON_BLOCKS = YES;
				GCC_WARN_64_TO_32_BIT_CONVERSION = YES;
				GCC_WARN_ABOUT_RETURN_TYPE = YES_ERROR;
				GCC_WARN_UNDECLARED_SELECTOR = YES;
				GCC_WARN_UNINITIALIZED_AUTOS = YES_AGGRESSIVE;
				GCC_WARN_UNUSED_FUNCTION = YES;
				GCC_WARN_UNUSED_VARIABLE = YES;
				IPHONEOS_DEPLOYMENT_TARGET = 11.2;
				MTL_ENABLE_DEBUG_INFO = NO;
				SDKROOT = iphoneos;
				SWIFT_OPTIMIZATION_LEVEL = "-Owholemodule";
				VALIDATE_PRODUCT = YES;
			};
			name = Release;
		};
		142350F62009668500930F1D /* Debug */ = {
			isa = XCBuildConfiguration;
			buildSettings = {
				ASSETCATALOG_COMPILER_APPICON_NAME = AppIcon;
				CODE_SIGN_STYLE = Automatic;
				DEVELOPMENT_TEAM = XG3URJ46HG;
				INFOPLIST_FILE = TemplateProject/Info.plist;
				LD_RUNPATH_SEARCH_PATHS = "$(inherited) @executable_path/Frameworks";
				PRODUCT_BUNDLE_IDENTIFIER = fr.benoitpasquier.TemplateProject;
				PRODUCT_NAME = "$(TARGET_NAME)";
				SWIFT_VERSION = 4.0;
				TARGETED_DEVICE_FAMILY = "1,2";
			};
			name = Debug;
		};
		142350F72009668500930F1D /* Release */ = {
			isa = XCBuildConfiguration;
			buildSettings = {
				ASSETCATALOG_COMPILER_APPICON_NAME = AppIcon;
				CODE_SIGN_STYLE = Automatic;
				DEVELOPMENT_TEAM = XG3URJ46HG;
				INFOPLIST_FILE = TemplateProject/Info.plist;
				LD_RUNPATH_SEARCH_PATHS = "$(inherited) @executable_path/Frameworks";
				PRODUCT_BUNDLE_IDENTIFIER = fr.benoitpasquier.TemplateProject;
				PRODUCT_NAME = "$(TARGET_NAME)";
				SWIFT_VERSION = 4.0;
				TARGETED_DEVICE_FAMILY = "1,2";
			};
			name = Release;
		};
		142350F92009668500930F1D /* Debug */ = {
			isa = XCBuildConfiguration;
			buildSettings = {
				ALWAYS_EMBED_SWIFT_STANDARD_LIBRARIES = YES;
				BUNDLE_LOADER = "$(TEST_HOST)";
				CODE_SIGN_STYLE = Automatic;
				DEVELOPMENT_TEAM = XG3URJ46HG;
				INFOPLIST_FILE = TemplateProjectTests/Info.plist;
				LD_RUNPATH_SEARCH_PATHS = "$(inherited) @executable_path/Frameworks @loader_path/Frameworks";
				PRODUCT_BUNDLE_IDENTIFIER = fr.benoitpasquier.TemplateProjectTests;
				PRODUCT_NAME = "$(TARGET_NAME)";
				SWIFT_VERSION = 4.0;
				TARGETED_DEVICE_FAMILY = "1,2";
				TEST_HOST = "$(BUILT_PRODUCTS_DIR)/TemplateProject.app/TemplateProject";
			};
			name = Debug;
		};
		142350FA2009668500930F1D /* Release */ = {
			isa = XCBuildConfiguration;
			buildSettings = {
				ALWAYS_EMBED_SWIFT_STANDARD_LIBRARIES = YES;
				BUNDLE_LOADER = "$(TEST_HOST)";
				CODE_SIGN_STYLE = Automatic;
				DEVELOPMENT_TEAM = XG3URJ46HG;
				INFOPLIST_FILE = TemplateProjectTests/Info.plist;
				LD_RUNPATH_SEARCH_PATHS = "$(inherited) @executable_path/Frameworks @loader_path/Frameworks";
				PRODUCT_BUNDLE_IDENTIFIER = fr.benoitpasquier.TemplateProjectTests;
				PRODUCT_NAME = "$(TARGET_NAME)";
				SWIFT_VERSION = 4.0;
				TARGETED_DEVICE_FAMILY = "1,2";
				TEST_HOST = "$(BUILT_PRODUCTS_DIR)/TemplateProject.app/TemplateProject";
			};
			name = Release;
		};
/* End XCBuildConfiguration section */

/* Begin XCConfigurationList section */
		142350D32009668500930F1D /* Build configuration list for PBXProject "TemplateProject" */ = {
			isa = XCConfigurationList;
			buildConfigurations = (
				142350F32009668500930F1D /* Debug */,
				142350F42009668500930F1D /* Release */,
			);
			defaultConfigurationIsVisible = 0;
			defaultConfigurationName = Release;
		};
		142350F52009668500930F1D /* Build configuration list for PBXNativeTarget "TemplateProject" */ = {
			isa = XCConfigurationList;
			buildConfigurations = (
				142350F62009668500930F1D /* Debug */,
				142350F72009668500930F1D /* Release */,
			);
			defaultConfigurationIsVisible = 0;
			defaultConfigurationName = Release;
		};
		142350F82009668500930F1D /* Build configuration list for PBXNativeTarget "TemplateProjectTests" */ = {
			isa = XCConfigurationList;
			buildConfigurations = (
				142350F92009668500930F1D /* Debug */,
				142350FA2009668500930F1D /* Release */,
			);
			defaultConfigurationIsVisible = 0;
			defaultConfigurationName = Release;
		};
/* End XCConfigurationList section */
	};
	rootObject = 142350D02009668500930F1D /* Project object */;
}
